
Microsoft Visual Studio Solution File, Format Version 12.00
# Visual Studio Version 16
VisualStudioVersion = 16.0.30523.141
MinimumVisualStudioVersion = 10.0.40219.1
Project("{FAE04EC0-301F-11D3-BF4B-00C04F79EFBC}") = "LaLombriz", "LaLombriz\LaLombriz.csproj", "{7BEF7B75-58B6-48D7-9EC7-E543D016B990}"
EndProject
Global
	GlobalSection(SolutionConfigurationPlatforms) = preSolution
		Debug|Any CPU = Debug|Any CPU
		Release|Any CPU = Release|Any CPU
	EndGlobalSection
	GlobalSection(ProjectConfigurationPlatforms) = postSolution
		{7BEF7B75-58B6-48D7-9EC7-E543D016B990}.Debug|Any CPU.ActiveCfg = Debug|Any CPU
		{7BEF7B75-58B6-48D7-9EC7-E543D016B990}.Debug|Any CPU.Build.0 = Debug|Any CPU
		{7BEF7B75-58B6-48D7-9EC7-E543D016B990}.Release|Any CPU.ActiveCfg = Release|Any CPU
		{7BEF7B75-58B6-48D7-9EC7-E543D016B990}.Release|Any CPU.Build.0 = Release|Any CPU
	EndGlobalSection
	GlobalSection(SolutionProperties) = preSolution
		HideSolutionNode = FALSE
	EndGlobalSection
	GlobalSection(ExtensibilityGlobals) = postSolution
		SolutionGuid = {C7C389FB-9BFB-4888-9666-5A779F069E16}
	EndGlobalSection
EndGlobal
